
Microsoft Visual Studio Solution File, Format Version 12.00
# Visual Studio Version 17
VisualStudioVersion = 17.3.32922.545
MinimumVisualStudioVersion = 10.0.40219.1
Project("{FAE04EC0-301F-11D3-BF4B-00C04F79EFBC}") = "SauceDemoTest", "SauceDemoTest\SauceDemoTest.csproj", "{C5879015-98C4-42E3-B111-E9DCEA07B01F}"
EndProject
Global
	GlobalSection(SolutionConfigurationPlatforms) = preSolution
		Debug|Any CPU = Debug|Any CPU
		Release|Any CPU = Release|Any CPU
	EndGlobalSection
	GlobalSection(ProjectConfigurationPlatforms) = postSolution
		{C5879015-98C4-42E3-B111-E9DCEA07B01F}.Debug|Any CPU.ActiveCfg = Debug|Any CPU
		{C5879015-98C4-42E3-B111-E9DCEA07B01F}.Debug|Any CPU.Build.0 = Debug|Any CPU
		{C5879015-98C4-42E3-B111-E9DCEA07B01F}.Release|Any CPU.ActiveCfg = Release|Any CPU
		{C5879015-98C4-42E3-B111-E9DCEA07B01F}.Release|Any CPU.Build.0 = Release|Any CPU
	EndGlobalSection
	GlobalSection(SolutionProperties) = preSolution
		HideSolutionNode = FALSE
	EndGlobalSection
	GlobalSection(ExtensibilityGlobals) = postSolution
		SolutionGuid = {60E6FC06-66DA-455C-8FAD-40F00BD8FF9E}
	EndGlobalSection
EndGlobal
